# Generated by pub
# See https://dart.dev/tools/pub/glossary#lockfile
packages:
  _fe_analyzer_shared:
    dependency: transitive
    description:
      name: _fe_analyzer_shared
      sha256: d93b0378aadce9c1388108067946276582c2ae89426c64c17920c74988508fed
      url: "https://pub.dev"
    source: hosted
    version: "22.0.0"
  analyzer:
    dependency: transitive
    description:
      name: analyzer
      sha256: "581a0281129283e75d4d67d6ac6e391c0515cdce37eb6eb4bc8a52e65d2b16b6"
      url: "https://pub.dev"
    source: hosted
    version: "1.7.2"
  args:
    dependency: transitive
    description:
      name: args
      sha256: "37a4264b0b7fb930e94c0c47558f3b6c4f4e9cb7e655a3ea373131d79b2dc0cc"
      url: "https://pub.dev"
    source: hosted
    version: "2.0.0"
  async:
    dependency: transitive
    description:
      name: async
      sha256: "6eda8392a48ae1de7ea438c91a4ba3e77205f043e7013102a424863aa6db368f"
      url: "https://pub.dev"
    source: hosted
    version: "2.5.0"
  build:
    dependency: transitive
    description:
      name: build
      sha256: "2db35d609460afa45c472c2aab5c408ff088d54fda165d3b8705b91275f63c30"
      url: "https://pub.dev"
    source: hosted
    version: "2.2.2"
  build_config:
    dependency: transitive
    description:
      name: build_config
      sha256: ad77deb6e9c143a3f550fbb4c5c1e0c6aadabe24274898d06b9526c61b9cf4fb
      url: "https://pub.dev"
    source: hosted
    version: "1.0.0"
  build_daemon:
    dependency: transitive
    description:
      name: build_daemon
      sha256: "4e2dbfa914f99bca9c447ba5aaa572edf7335a71717944e4ab2e26ca079e7f79"
      url: "https://pub.dev"
    source: hosted
    version: "3.0.1"
  build_resolvers:
    dependency: transitive
    description:
      name: build_resolvers
      sha256: a171129ff393d360a5ec9ba3a2277e0d7e713027709f08196e8192688b537074
      url: "https://pub.dev"
    source: hosted
    version: "2.0.4"
  build_runner:
    dependency: "direct main"
    description:
      name: build_runner
      sha256: "10db5257d440c097c90bbfdaec0d60654537fbfc46a1d504081699b800ae629e"
      url: "https://pub.dev"
    source: hosted
    version: "2.1.8"
  build_runner_core:
    dependency: transitive
    description:
      name: build_runner_core
      sha256: "0db1b64c84fa803603fa406f8721959036e898cc9575d6ce4a3067581b9276c0"
      url: "https://pub.dev"
    source: hosted
    version: "7.2.2"
  built_collection:
    dependency: transitive
    description:
      name: built_collection
      sha256: f5a2a975d3da1ca46579d2f173bea1c766f0044cff40889c8df8009bf6ea0d0c
      url: "https://pub.dev"
    source: hosted
    version: "5.0.0"
  built_value:
    dependency: transitive
    description:
      name: built_value
      sha256: "8ab65ea92f9d142b88bb5a481acbd78b43eb53b3a7e60981925d6a08ff284d01"
      url: "https://pub.dev"
    source: hosted
    version: "8.0.0"
  characters:
    dependency: transitive
    description:
      name: characters
      sha256: "04a925763edad70e8443c99234dc3328f442e811f1d8fd1a72f1c8ad0f69a605"
      url: "https://pub.dev"
    source: hosted
    version: "1.3.0"
  charcode:
    dependency: transitive
    description:
      name: charcode
      sha256: "8e36feea6de5ea69f2199f29cf42a450a855738c498b57c0b980e2d3cca9c362"
      url: "https://pub.dev"
    source: hosted
    version: "1.2.0"
  checked_yaml:
    dependency: transitive
    description:
      name: checked_yaml
      sha256: dd007e4fb8270916820a0d66e24f619266b60773cddd082c6439341645af2659
      url: "https://pub.dev"
    source: hosted
    version: "2.0.1"
  cli_util:
    dependency: transitive
    description:
      name: cli_util
      sha256: cf1c02840bbbcf8fcd13feb5933c62d643cc58ddf4f6088707cf48d1892cbc5d
      url: "https://pub.dev"
    source: hosted
    version: "0.3.0"
  clock:
    dependency: transitive
    description:
      name: clock
      sha256: "6021e0172ab6e6eaa1d391afed0a99353921f00c54385c574dc53e55d67c092c"
      url: "https://pub.dev"
    source: hosted
    version: "1.1.0"
  cloud_firestore:
    dependency: "direct main"
    description:
      name: cloud_firestore
      sha256: c7c34c68e2c50af4bfd5574e763b9f75d01f58c6391462845761b41d2704f672
      url: "https://pub.dev"
    source: hosted
    version: "1.0.6"
  cloud_firestore_platform_interface:
    dependency: transitive
    description:
      name: cloud_firestore_platform_interface
      sha256: "1b19efbb65a45cb03e380d165c586e915c12cd98fd901f5268f18fda16e114b0"
      url: "https://pub.dev"
    source: hosted
    version: "4.0.2"
  cloud_firestore_web:
    dependency: transitive
    description:
      name: cloud_firestore_web
      sha256: b65847dc6633ba594f929e9ebb3af0ee22b7c48abfce04ee79eefafd41a78963
      url: "https://pub.dev"
    source: hosted
    version: "1.0.6"
  code_builder:
    dependency: transitive
    description:
      name: code_builder
      sha256: b2151ce26a06171005b379ecff6e08d34c470180ffe16b8e14b6d52be292b55f
      url: "https://pub.dev"
    source: hosted
    version: "4.8.0"
  collection:
    dependency: transitive
    description:
      name: collection
      sha256: ee67cb0715911d28db6bf4af1026078bd6f0128b07a5f66fb2ed94ec6783c09a
      url: "https://pub.dev"
    source: hosted
    version: "1.18.0"
  convert:
    dependency: transitive
    description:
      name: convert
      sha256: df567b950053d83b4dba3e8c5799c411895d146f82b2147114b666a4fd9a80dd
      url: "https://pub.dev"
    source: hosted
    version: "3.0.0"
  crypto:
    dependency: transitive
    description:
      name: crypto
      sha256: "8be10341257b613566fdc9fd073c46f7c032ed329b1c732bda17aca29f2366c8"
      url: "https://pub.dev"
    source: hosted
    version: "3.0.0"
  dart_style:
    dependency: transitive
    description:
      name: dart_style
      sha256: "7f5b48e6a448c4b46250a6113857a00eaa82821ef5a3d7f42e68eb69d1283fa3"
      url: "https://pub.dev"
    source: hosted
    version: "2.1.1"
  equatable:
    dependency: "direct main"
    description:
      name: equatable
      sha256: "8867afc0f09dd9aff976817fbd94e9a35a3a2e58bef3b39a5376918321ec97a4"
      url: "https://pub.dev"
    source: hosted
    version: "2.0.0"
  file:
    dependency: transitive
    description:
      name: file
      sha256: "9fd2163d866769f60f4df8ac1dc59f52498d810c356fe78022e383dd3c57c0e1"
      url: "https://pub.dev"
    source: hosted
    version: "6.1.0"
  firebase_auth:
    dependency: "direct main"
    description:
      name: firebase_auth
      sha256: "8249e71034b1168790bb59b6175ce3c8db681a8d152b6d27b730c82224e5b1eb"
      url: "https://pub.dev"
    source: hosted
    version: "1.1.1"
  firebase_auth_platform_interface:
    dependency: transitive
    description:
      name: firebase_auth_platform_interface
      sha256: "9b78bae0e4530b87293ef08ea12d64a00c541971cd5b9ec84389fb4be2549909"
      url: "https://pub.dev"
    source: hosted
    version: "4.1.1"
  firebase_auth_web:
    dependency: transitive
    description:
      name: firebase_auth_web
      sha256: "39a8386202997137d64349bef56c103bc9be2b1dd6a08892966aa8f78b9dd982"
      url: "https://pub.dev"
    source: hosted
    version: "1.0.7"
  firebase_core:
    dependency: transitive
    description:
      name: firebase_core
      sha256: abf8f3db9d2f4bf6e6c4fd42426e0f6e411e90b83148f47a928beab11d5a3aa5
      url: "https://pub.dev"
    source: hosted
    version: "1.0.4"
  firebase_core_platform_interface:
    dependency: transitive
    description:
      name: firebase_core_platform_interface
      sha256: c8c6d394b2dcf84a00de9a67ce9fedfb29122137c65f33d8ce1a0a12c9ce2a25
      url: "https://pub.dev"
    source: hosted
    version: "4.0.0"
  firebase_core_web:
    dependency: transitive
    description:
      name: firebase_core_web
      sha256: b30086442f072df9b39ee2ae0a3dd5281835f4bdb043633bd0325d48ab63e326
      url: "https://pub.dev"
    source: hosted
    version: "1.0.2"
  fixnum:
    dependency: transitive
    description:
      name: fixnum
      sha256: "6a2ef17156f4dc49684f9d99aaf4a93aba8ac49f5eac861755f5730ddf6e2e4e"
      url: "https://pub.dev"
    source: hosted
    version: "1.0.0"
  flutter:
    dependency: transitive
    description: flutter
    source: sdk
    version: "0.0.0"
  flutter_web_plugins:
    dependency: transitive
    description: flutter
    source: sdk
    version: "0.0.0"
  frontend_server_client:
    dependency: transitive
    description:
      name: frontend_server_client
      sha256: "4f4a162323c86ffc1245765cfe138872b8f069deb42f7dbb36115fa27f31469b"
      url: "https://pub.dev"
    source: hosted
    version: "2.1.3"
  glob:
    dependency: transitive
    description:
      name: glob
      sha256: "36a6ea2cac1f93742ecee02250fb498122c0993eb948120ff0dbef6cd694beb8"
      url: "https://pub.dev"
    source: hosted
    version: "2.0.0"
  graphs:
    dependency: transitive
    description:
      name: graphs
      sha256: aedc5a15e78fc65a6e23bcd927f24c64dd995062bcd1ca6eda65a3cff92a4d19
      url: "https://pub.dev"
    source: hosted
    version: "2.3.1"
  http_multi_server:
    dependency: transitive
    description:
      name: http_multi_server
      sha256: "97486f20f9c2f7be8f514851703d0119c3596d14ea63227af6f7a481ef2b2f8b"
      url: "https://pub.dev"
    source: hosted
    version: "3.2.1"
  http_parser:
    dependency: transitive
    description:
      name: http_parser
      sha256: e362d639ba3bc07d5a71faebb98cde68c05bfbcfbbb444b60b6f60bb67719185
      url: "https://pub.dev"
    source: hosted
    version: "4.0.0"
  intl:
    dependency: transitive
    description:
      name: intl
      sha256: "910f85bce16fb5c6f614e117efa303e85a1731bb0081edf3604a2ae6e9a3cc91"
      url: "https://pub.dev"
    source: hosted
    version: "0.17.0"
  io:
    dependency: transitive
    description:
      name: io
      sha256: "2ec25704aba361659e10e3e5f5d672068d332fc8ac516421d483a11e5cbd061e"
      url: "https://pub.dev"
    source: hosted
    version: "1.0.4"
  js:
    dependency: transitive
    description:
      name: js
      sha256: d9bdfd70d828eeb352390f81b18d6a354ef2044aa28ef25682079797fa7cd174
      url: "https://pub.dev"
    source: hosted
    version: "0.6.3"
  json_annotation:
    dependency: "direct main"
    description:
      name: json_annotation
      sha256: "0aa7409f6c82acfab96853b8b0c7503de49918cbe705a57cfdeb477756b4521b"
      url: "https://pub.dev"
    source: hosted
    version: "4.1.0"
  json_serializable:
    dependency: "direct main"
    description:
      name: json_serializable
      sha256: "86d3edf6914d6562ed4c7d9288239fbf1a9ee3c498ed0089a535c0d3703bb323"
      url: "https://pub.dev"
    source: hosted
    version: "4.1.4"
  logging:
    dependency: transitive
    description:
      name: logging
      sha256: "3730d4c02b0c2d1db80ef9904e27fa796d75474f572a70011e0e616ee6bfc0ff"
      url: "https://pub.dev"
    source: hosted
    version: "1.0.0"
  matcher:
    dependency: transitive
    description:
      name: matcher
      sha256: "38c7be344ac5057e10161a5ecb00c9d9d67ed2f150001278601dd27d9fe64206"
      url: "https://pub.dev"
    source: hosted
    version: "0.12.10"
  material_color_utilities:
    dependency: transitive
    description:
      name: material_color_utilities
      sha256: "9528f2f296073ff54cb9fee677df673ace1218163c3bc7628093e7eed5203d41"
      url: "https://pub.dev"
    source: hosted
    version: "0.5.0"
  meta:
    dependency: "direct main"
    description:
      name: meta
      sha256: a6e590c838b18133bb482a2745ad77c5bb7715fb0451209e1a7567d416678b8e
      url: "https://pub.dev"
    source: hosted
    version: "1.10.0"
  mime:
    dependency: transitive
    description:
      name: mime
      sha256: a7a98ea7f366e2cc9d2b20873815aebec5e2bc124fe0da9d3f7f59b0625ea180
      url: "https://pub.dev"
    source: hosted
    version: "1.0.0"
  package_config:
    dependency: transitive
    description:
      name: package_config
      sha256: "20e7154d701fedaeb219dad732815ecb66677667871127998a9a6581c2aba4ba"
      url: "https://pub.dev"
    source: hosted
    version: "2.0.0"
  path:
    dependency: transitive
    description:
      name: path
      sha256: "2ad4cddff7f5cc0e2d13069f2a3f7a73ca18f66abd6f5ecf215219cdb3638edb"
      url: "https://pub.dev"
    source: hosted
    version: "1.8.0"
  pedantic:
    dependency: transitive
    description:
      name: pedantic
      sha256: "8f6460c77a98ad2807cd3b98c67096db4286f56166852d0ce5951bb600a63594"
      url: "https://pub.dev"
    source: hosted
    version: "1.11.0"
  plugin_platform_interface:
    dependency: transitive
    description:
      name: plugin_platform_interface
      sha256: c2c49e16d42fd6983eb55e44b7f197fdf16b4da7aab7f8e1d21da307cad3fb02
      url: "https://pub.dev"
    source: hosted
    version: "2.0.0"
  pool:
    dependency: transitive
    description:
      name: pool
      sha256: "05955e3de2683e1746222efd14b775df7131139e07695dc8e24650f6b4204504"
      url: "https://pub.dev"
    source: hosted
    version: "1.5.0"
  pub_semver:
    dependency: transitive
    description:
      name: pub_semver
      sha256: "59ed538734419e81f7fc18c98249ae72c3c7188bdd9dceff2840585227f79843"
      url: "https://pub.dev"
    source: hosted
    version: "2.0.0"
  pubspec_parse:
    dependency: transitive
    description:
      name: pubspec_parse
      sha256: "0e01f805457ef610ccaf8d18067596afc34107a27149778b06b2083edbc140c1"
      url: "https://pub.dev"
    source: hosted
    version: "1.1.0"
  shelf:
    dependency: transitive
    description:
      name: shelf
      sha256: c0710a5ca61f1a96e9aae37081040f537c1b96265040edeb70c8817a10d361c6
      url: "https://pub.dev"
    source: hosted
    version: "1.0.0"
  shelf_web_socket:
    dependency: transitive
    description:
      name: shelf_web_socket
      sha256: "520368a1a49798425310ca0ee28eb92b3c737e4e9d173c31b6c66fe090ebc6fc"
      url: "https://pub.dev"
    source: hosted
    version: "1.0.0"
  sky_engine:
    dependency: transitive
    description: flutter
    source: sdk
    version: "0.0.99"
  source_gen:
    dependency: transitive
    description:
      name: source_gen
      sha256: ffb7124eb6752de71e87a122cc50a8a191044add69fd990d76958bc38ee552fd
      url: "https://pub.dev"
    source: hosted
    version: "1.0.3"
  source_span:
    dependency: transitive
    description:
      name: source_span
      sha256: d5f89a9e52b36240a80282b3dc0667dd36e53459717bb17b8fb102d30496606a
      url: "https://pub.dev"
    source: hosted
    version: "1.8.1"
  stack_trace:
    dependency: transitive
    description:
      name: stack_trace
      sha256: f8d9f247e2f9f90e32d1495ff32dac7e4ae34ffa7194c5ff8fcc0fd0e52df774
      url: "https://pub.dev"
    source: hosted
    version: "1.10.0"
  stream_channel:
    dependency: transitive
    description:
      name: stream_channel
      sha256: db47e4797198ee601990820437179bb90219f918962318d494ada2b4b11e6f6d
      url: "https://pub.dev"
    source: hosted
    version: "2.1.0"
  stream_transform:
    dependency: transitive
    description:
      name: stream_transform
      sha256: ed464977cb26a1f41537e177e190c67223dbd9f4f683489b6ab2e5d211ec564e
      url: "https://pub.dev"
    source: hosted
    version: "2.0.0"
  string_scanner:
    dependency: transitive
    description:
      name: string_scanner
      sha256: dd11571b8a03f7cadcf91ec26a77e02bfbd6bbba2a512924d3116646b4198fc4
      url: "https://pub.dev"
    source: hosted
    version: "1.1.0"
  term_glyph:
    dependency: transitive
    description:
      name: term_glyph
      sha256: a88162591b02c1f3a3db3af8ce1ea2b374bd75a7bb8d5e353bcfbdc79d719830
      url: "https://pub.dev"
    source: hosted
    version: "1.2.0"
  timing:
    dependency: transitive
    description:
      name: timing
      sha256: c386d07d7f5efc613479a7c4d9d64b03710b03cfaa7e8ad5f2bfb295a1f0dfad
      url: "https://pub.dev"
    source: hosted
    version: "1.0.0"
  typed_data:
    dependency: transitive
    description:
      name: typed_data
      sha256: "53bdf7e979cfbf3e28987552fd72f637e63f3c8724c9e56d9246942dc2fa36ee"
      url: "https://pub.dev"
    source: hosted
    version: "1.3.0"
  vector_math:
    dependency: transitive
    description:
      name: vector_math
      sha256: "80b3257d1492ce4d091729e3a67a60407d227c27241d6927be0130c98e741803"
      url: "https://pub.dev"
    source: hosted
    version: "2.1.4"
  watcher:
    dependency: transitive
    description:
      name: watcher
      sha256: "68173f2fa67d241323a4123be7ed4e43424c54befa5505d71c8ad4b7baf8f71d"
      url: "https://pub.dev"
    source: hosted
    version: "1.0.0"
  web:
    dependency: transitive
    description:
      name: web
      sha256: afe077240a270dcfd2aafe77602b4113645af95d0ad31128cc02bce5ac5d5152
      url: "https://pub.dev"
    source: hosted
    version: "0.3.0"
  web_socket_channel:
    dependency: transitive
    description:
      name: web_socket_channel
      sha256: d88238e5eac9a42bb43ca4e721edba3c08c6354d4a53063afaa568516217621b
      url: "https://pub.dev"
    source: hosted
    version: "2.4.0"
  yaml:
    dependency: transitive
    description:
      name: yaml
      sha256: "3cee79b1715110341012d27756d9bae38e650588acd38d3f3c610822e1337ace"
      url: "https://pub.dev"
    source: hosted
    version: "3.1.0"
sdks:
  dart: ">=3.2.0-194.0.dev <4.0.0"
  flutter: ">=1.12.13+hotfix.5"
